
Microsoft Visual Studio Solution File, Format Version 12.00
# Visual Studio Version 16
VisualStudioVersion = 16.0.31005.135
MinimumVisualStudioVersion = 10.0.40219.1
Project("{FAE04EC0-301F-11D3-BF4B-00C04F79EFBC}") = "Task2", "Task2.csproj", "{240799AA-6886-41AE-8755-7B8A61FE83FC}"
EndProject
Global
	GlobalSection(SolutionConfigurationPlatforms) = preSolution
		Debug|Any CPU = Debug|Any CPU
		Release|Any CPU = Release|Any CPU
	EndGlobalSection
	GlobalSection(ProjectConfigurationPlatforms) = postSolution
		{240799AA-6886-41AE-8755-7B8A61FE83FC}.Debug|Any CPU.ActiveCfg = Debug|Any CPU
		{240799AA-6886-41AE-8755-7B8A61FE83FC}.Debug|Any CPU.Build.0 = Debug|Any CPU
		{240799AA-6886-41AE-8755-7B8A61FE83FC}.Release|Any CPU.ActiveCfg = Release|Any CPU
		{240799AA-6886-41AE-8755-7B8A61FE83FC}.Release|Any CPU.Build.0 = Release|Any CPU
	EndGlobalSection
	GlobalSection(SolutionProperties) = preSolution
		HideSolutionNode = FALSE
	EndGlobalSection
	GlobalSection(ExtensibilityGlobals) = postSolution
		SolutionGuid = {4D868014-83C3-4E11-B390-D3AC2510ECA4}
	EndGlobalSection
EndGlobal
